// !$*UTF8*$!
{
	archiveVersion = 1;
	classes = {
	};
	objectVersion = 46;
	objects = {

/* Begin PBXBuildFile section */
		EE0232B81D51E6C800C298E5 /* Facttail.c in Sources */ = {isa = PBXBuildFile; fileRef = EE0232B61D51E6C800C298E5 /* Facttail.c */; };
		EE2BF1641D0D8B690004C253 /* suddenPractice.c in Sources */ = {isa = PBXBuildFile; fileRef = EE2BF1621D0D8B690004C253 /* suddenPractice.c */; };
		EE4085121F03567D0093C2B3 /* block_explain.c in Sources */ = {isa = PBXBuildFile; fileRef = EE4085101F03567D0093C2B3 /* block_explain.c */; };
		EE50681C1D1BB40D00268BDD /* C_8_BookPractice.c in Sources */ = {isa = PBXBuildFile; fileRef = EE50681A1D1BB40D00268BDD /* C_8_BookPractice.c */; };
		EE748EE31CC8D626000C36B2 /* C_4_BookPractice.c in Sources */ = {isa = PBXBuildFile; fileRef = EE748EE11CC8D626000C36B2 /* C_4_BookPractice.c */; };
		EE8A80601E5A88D10038B905 /* OC_new_learning.c in Sources */ = {isa = PBXBuildFile; fileRef = EE8A805E1E5A88D10038B905 /* OC_new_learning.c */; };
		EE8E4F8E1CDCCADE00381235 /* C_5_BookPractice.c in Sources */ = {isa = PBXBuildFile; fileRef = EE8E4F8C1CDCCADE00381235 /* C_5_BookPractice.c */; };
		EEBCFC271CC6454E00780E0B /* FunctionFile.c in Sources */ = {isa = PBXBuildFile; fileRef = EEBCFC251CC6454E00780E0B /* FunctionFile.c */; };
		EEE1B4FF1CE0959F00CE5702 /* C_6_BookPractice.c in Sources */ = {isa = PBXBuildFile; fileRef = EEE1B4FD1CE0959F00CE5702 /* C_6_BookPractice.c */; };
		EEFEB0821C7AFB8E0096FA6A /* main.c in Sources */ = {isa = PBXBuildFile; fileRef = EEFEB0811C7AFB8E0096FA6A /* main.c */; };
/* End PBXBuildFile section */

/* Begin PBXCopyFilesBuildPhase section */
		EEFEB07C1C7AFB8E0096FA6A /* CopyFiles */ = {
			isa = PBXCopyFilesBuildPhase;
			buildActionMask = 2147483647;
			dstPath = /usr/share/man/man1/;
			dstSubfolderSpec = 0;
			files = (
			);
			runOnlyForDeploymentPostprocessing = 1;
		};
/* End PBXCopyFilesBuildPhase section */

/* Begin PBXFileReference section */
		EE0232B61D51E6C800C298E5 /* Facttail.c */ = {isa = PBXFileReference; fileEncoding = 4; lastKnownFileType = sourcecode.c.c; path = Facttail.c; sourceTree = "<group>"; };
		EE0232B71D51E6C800C298E5 /* Facttail.h */ = {isa = PBXFileReference; fileEncoding = 4; lastKnownFileType = sourcecode.c.h; path = Facttail.h; sourceTree = "<group>"; };
		EE2BF1621D0D8B690004C253 /* suddenPractice.c */ = {isa = PBXFileReference; fileEncoding = 4; lastKnownFileType = sourcecode.c.c; path = suddenPractice.c; sourceTree = "<group>"; };
		EE2BF1631D0D8B690004C253 /* suddenPractice.h */ = {isa = PBXFileReference; fileEncoding = 4; lastKnownFileType = sourcecode.c.h; path = suddenPractice.h; sourceTree = "<group>"; };
		EE4085101F03567D0093C2B3 /* block_explain.c */ = {isa = PBXFileReference; fileEncoding = 4; lastKnownFileType = sourcecode.c.c; path = block_explain.c; sourceTree = "<group>"; };
		EE4085111F03567D0093C2B3 /* block_explain.h */ = {isa = PBXFileReference; fileEncoding = 4; lastKnownFileType = sourcecode.c.h; path = block_explain.h; sourceTree = "<group>"; };
		EE50681A1D1BB40D00268BDD /* C_8_BookPractice.c */ = {isa = PBXFileReference; fileEncoding = 4; lastKnownFileType = sourcecode.c.c; path = C_8_BookPractice.c; sourceTree = "<group>"; };
		EE50681B1D1BB40D00268BDD /* C_8_BookPractice.h */ = {isa = PBXFileReference; fileEncoding = 4; lastKnownFileType = sourcecode.c.h; path = C_8_BookPractice.h; sourceTree = "<group>"; };
		EE748EE11CC8D626000C36B2 /* C_4_BookPractice.c */ = {isa = PBXFileReference; fileEncoding = 4; lastKnownFileType = sourcecode.c.c; path = C_4_BookPractice.c; sourceTree = "<group>"; };
		EE748EE21CC8D626000C36B2 /* C_4_BookPractice.h */ = {isa = PBXFileReference; fileEncoding = 4; lastKnownFileType = sourcecode.c.h; path = C_4_BookPractice.h; sourceTree = "<group>"; };
		EE8A805E1E5A88D10038B905 /* OC_new_learning.c */ = {isa = PBXFileReference; fileEncoding = 4; lastKnownFileType = sourcecode.c.c; path = OC_new_learning.c; sourceTree = "<group>"; };
		EE8A805F1E5A88D10038B905 /* OC_new_learning.h */ = {isa = PBXFileReference; fileEncoding = 4; lastKnownFileType = sourcecode.c.h; path = OC_new_learning.h; sourceTree = "<group>"; };
		EE8E4F8C1CDCCADE00381235 /* C_5_BookPractice.c */ = {isa = PBXFileReference; fileEncoding = 4; lastKnownFileType = sourcecode.c.c; path = C_5_BookPractice.c; sourceTree = "<group>"; };
		EE8E4F8D1CDCCADE00381235 /* C_5_BookPractice.h */ = {isa = PBXFileReference; fileEncoding = 4; lastKnownFileType = sourcecode.c.h; path = C_5_BookPractice.h; sourceTree = "<group>"; };
		EE9699D81CDD8D9300D92B9F /* myDefine.h */ = {isa = PBXFileReference; lastKnownFileType = sourcecode.c.h; path = myDefine.h; sourceTree = "<group>"; };
		EEBCFC251CC6454E00780E0B /* FunctionFile.c */ = {isa = PBXFileReference; fileEncoding = 4; lastKnownFileType = sourcecode.c.c; path = FunctionFile.c; sourceTree = "<group>"; };
		EEBCFC261CC6454E00780E0B /* FunctionFile.h */ = {isa = PBXFileReference; fileEncoding = 4; lastKnownFileType = sourcecode.c.h; path = FunctionFile.h; sourceTree = "<group>"; };
		EEE1B4FD1CE0959F00CE5702 /* C_6_BookPractice.c */ = {isa = PBXFileReference; fileEncoding = 4; lastKnownFileType = sourcecode.c.c; path = C_6_BookPractice.c; sourceTree = "<group>"; };
		EEE1B4FE1CE0959F00CE5702 /* C_6_BookPractice.h */ = {isa = PBXFileReference; fileEncoding = 4; lastKnownFileType = sourcecode.c.h; path = C_6_BookPractice.h; sourceTree = "<group>"; };
		EEFEB07E1C7AFB8E0096FA6A /* 2_22_16_17 */ = {isa = PBXFileReference; explicitFileType = "compiled.mach-o.executable"; includeInIndex = 0; path = 2_22_16_17; sourceTree = BUILT_PRODUCTS_DIR; };
		EEFEB0811C7AFB8E0096FA6A /* main.c */ = {isa = PBXFileReference; lastKnownFileType = sourcecode.c.c; path = main.c; sourceTree = "<group>"; };
/* End PBXFileReference section */

/* Begin PBXFrameworksBuildPhase section */
		EEFEB07B1C7AFB8E0096FA6A /* Frameworks */ = {
			isa = PBXFrameworksBuildPhase;
			buildActionMask = 2147483647;
			files = (
			);
			runOnlyForDeploymentPostprocessing = 0;
		};
/* End PBXFrameworksBuildPhase section */

/* Begin PBXGroup section */
		EEFEB0751C7AFB8E0096FA6A = {
			isa = PBXGroup;
			children = (
				EEFEB0801C7AFB8E0096FA6A /* 2_22_16_17 */,
				EEFEB07F1C7AFB8E0096FA6A /* Products */,
			);
			sourceTree = "<group>";
		};
		EEFEB07F1C7AFB8E0096FA6A /* Products */ = {
			isa = PBXGroup;
			children = (
				EEFEB07E1C7AFB8E0096FA6A /* 2_22_16_17 */,
			);
			name = Products;
			sourceTree = "<group>";
		};
		EEFEB0801C7AFB8E0096FA6A /* 2_22_16_17 */ = {
			isa = PBXGroup;
			children = (
				EEFEB0811C7AFB8E0096FA6A /* main.c */,
				EE4085101F03567D0093C2B3 /* block_explain.c */,
				EE4085111F03567D0093C2B3 /* block_explain.h */,
				EE2BF1621D0D8B690004C253 /* suddenPractice.c */,
				EE2BF1631D0D8B690004C253 /* suddenPractice.h */,
				EE0232B61D51E6C800C298E5 /* Facttail.c */,
				EE0232B71D51E6C800C298E5 /* Facttail.h */,
				EEBCFC251CC6454E00780E0B /* FunctionFile.c */,
				EEBCFC261CC6454E00780E0B /* FunctionFile.h */,
				EE50681A1D1BB40D00268BDD /* C_8_BookPractice.c */,
				EE50681B1D1BB40D00268BDD /* C_8_BookPractice.h */,
				EEE1B4FD1CE0959F00CE5702 /* C_6_BookPractice.c */,
				EEE1B4FE1CE0959F00CE5702 /* C_6_BookPractice.h */,
				EE8E4F8C1CDCCADE00381235 /* C_5_BookPractice.c */,
				EE8E4F8D1CDCCADE00381235 /* C_5_BookPractice.h */,
				EE748EE11CC8D626000C36B2 /* C_4_BookPractice.c */,
				EE748EE21CC8D626000C36B2 /* C_4_BookPractice.h */,
				EE9699D81CDD8D9300D92B9F /* myDefine.h */,
				EE8A805E1E5A88D10038B905 /* OC_new_learning.c */,
				EE8A805F1E5A88D10038B905 /* OC_new_learning.h */,
			);
			path = 2_22_16_17;
			sourceTree = "<group>";
		};
/* End PBXGroup section */

/* Begin PBXNativeTarget section */
		EEFEB07D1C7AFB8E0096FA6A /* 2_22_16_17 */ = {
			isa = PBXNativeTarget;
			buildConfigurationList = EEFEB0851C7AFB8E0096FA6A /* Build configuration list for PBXNativeTarget "2_22_16_17" */;
			buildPhases = (
				EEFEB07A1C7AFB8E0096FA6A /* Sources */,
				EEFEB07B1C7AFB8E0096FA6A /* Frameworks */,
				EEFEB07C1C7AFB8E0096FA6A /* CopyFiles */,
			);
			buildRules = (
			);
			dependencies = (
			);
			name = 2_22_16_17;
			productName = 2_22_16_17;
			productReference = EEFEB07E1C7AFB8E0096FA6A /* 2_22_16_17 */;
			productType = "com.apple.product-type.tool";
		};
/* End PBXNativeTarget section */

/* Begin PBXProject section */
		EEFEB0761C7AFB8E0096FA6A /* Project object */ = {
			isa = PBXProject;
			attributes = {
				LastUpgradeCheck = 0830;
				ORGANIZATIONNAME = iOSBacon;
				TargetAttributes = {
					EEFEB07D1C7AFB8E0096FA6A = {
						CreatedOnToolsVersion = 7.2.1;
					};
				};
			};
			buildConfigurationList = EEFEB0791C7AFB8E0096FA6A /* Build configuration list for PBXProject "2_22_16_17" */;
			compatibilityVersion = "Xcode 3.2";
			developmentRegion = English;
			hasScannedForEncodings = 0;
			knownRegions = (
				en,
			);
			mainGroup = EEFEB0751C7AFB8E0096FA6A;
			productRefGroup = EEFEB07F1C7AFB8E0096FA6A /* Products */;
			projectDirPath = "";
			projectRoot = "";
			targets = (
				EEFEB07D1C7AFB8E0096FA6A /* 2_22_16_17 */,
			);
		};
/* End PBXProject section */

/* Begin PBXSourcesBuildPhase section */
		EEFEB07A1C7AFB8E0096FA6A /* Sources */ = {
			isa = PBXSourcesBuildPhase;
			buildActionMask = 2147483647;
			files = (
				EE50681C1D1BB40D00268BDD /* C_8_BookPractice.c in Sources */,
				EE8A80601E5A88D10038B905 /* OC_new_learning.c in Sources */,
				EEFEB0821C7AFB8E0096FA6A /* main.c in Sources */,
				EE2BF1641D0D8B690004C253 /* suddenPractice.c in Sources */,
				EE0232B81D51E6C800C298E5 /* Facttail.c in Sources */,
				EEBCFC271CC6454E00780E0B /* FunctionFile.c in Sources */,
				EE748EE31CC8D626000C36B2 /* C_4_BookPractice.c in Sources */,
				EE4085121F03567D0093C2B3 /* block_explain.c in Sources */,
				EE8E4F8E1CDCCADE00381235 /* C_5_BookPractice.c in Sources */,
				EEE1B4FF1CE0959F00CE5702 /* C_6_BookPractice.c in Sources */,
			);
			runOnlyForDeploymentPostprocessing = 0;
		};
/* End PBXSourcesBuildPhase section */

/* Begin XCBuildConfiguration section */
		EEFEB0831C7AFB8E0096FA6A /* Debug */ = {
			isa = XCBuildConfiguration;
			buildSettings = {
				ALWAYS_SEARCH_USER_PATHS = NO;
				CLANG_CXX_LANGUAGE_STANDARD = "gnu++0x";
				CLANG_CXX_LIBRARY = "libc++";
				CLANG_ENABLE_MODULES = YES;
				CLANG_ENABLE_OBJC_ARC = YES;
				CLANG_WARN_BOOL_CONVERSION = YES;
				CLANG_WARN_CONSTANT_CONVERSION = YES;
				CLANG_WARN_DIRECT_OBJC_ISA_USAGE = YES_ERROR;
				CLANG_WARN_EMPTY_BODY = YES;
				CLANG_WARN_ENUM_CONVERSION = YES;
				CLANG_WARN_INFINITE_RECURSION = YES;
				CLANG_WARN_INT_CONVERSION = YES;
				CLANG_WARN_OBJC_ROOT_CLASS = YES_ERROR;
				CLANG_WARN_SUSPICIOUS_MOVE = YES;
				CLANG_WARN_UNREACHABLE_CODE = YES;
				CLANG_WARN__DUPLICATE_METHOD_MATCH = YES;
				CODE_SIGN_IDENTITY = "-";
				COPY_PHASE_STRIP = NO;
				DEBUG_INFORMATION_FORMAT = dwarf;
				ENABLE_STRICT_OBJC_MSGSEND = YES;
				ENABLE_TESTABILITY = YES;
				GCC_C_LANGUAGE_STANDARD = gnu99;
				GCC_DYNAMIC_NO_PIC = NO;
				GCC_NO_COMMON_BLOCKS = YES;
				GCC_OPTIMIZATION_LEVEL = 0;
				GCC_PREPROCESSOR_DEFINITIONS = (
					"DEBUG=1",
					"$(inherited)",
				);
				GCC_WARN_64_TO_32_BIT_CONVERSION = YES;
				GCC_WARN_ABOUT_RETURN_TYPE = YES_ERROR;
				GCC_WARN_UNDECLARED_SELECTOR = YES;
				GCC_WARN_UNINITIALIZED_AUTOS = YES_AGGRESSIVE;
				GCC_WARN_UNUSED_FUNCTION = YES;
				GCC_WARN_UNUSED_VARIABLE = YES;
				MACOSX_DEPLOYMENT_TARGET = 10.11;
				MTL_ENABLE_DEBUG_INFO = YES;
				ONLY_ACTIVE_ARCH = YES;
				SDKROOT = macosx;
			};
			name = Debug;
		};
		EEFEB0841C7AFB8E0096FA6A /* Release */ = {
			isa = XCBuildConfiguration;
			buildSettings = {
				ALWAYS_SEARCH_USER_PATHS = NO;
				CLANG_CXX_LANGUAGE_STANDARD = "gnu++0x";
				CLANG_CXX_LIBRARY = "libc++";
				CLANG_ENABLE_MODULES = YES;
				CLANG_ENABLE_OBJC_ARC = YES;
				CLANG_WARN_BOOL_CONVERSION = YES;
				CLANG_WARN_CONSTANT_CONVERSION = YES;
				CLANG_WARN_DIRECT_OBJC_ISA_USAGE = YES_ERROR;
				CLANG_WARN_EMPTY_BODY = YES;
				CLANG_WARN_ENUM_CONVERSION = YES;
				CLANG_WARN_INFINITE_RECURSION = YES;
				CLANG_WARN_INT_CONVERSION = YES;
				CLANG_WARN_OBJC_ROOT_CLASS = YES_ERROR;
				CLANG_WARN_SUSPICIOUS_MOVE = YES;
				CLANG_WARN_UNREACHABLE_CODE = YES;
				CLANG_WARN__DUPLICATE_METHOD_MATCH = YES;
				CODE_SIGN_IDENTITY = "-";
				COPY_PHASE_STRIP = NO;
				DEBUG_INFORMATION_FORMAT = "dwarf-with-dsym";
				ENABLE_NS_ASSERTIONS = NO;
				ENABLE_STRICT_OBJC_MSGSEND = YES;
				GCC_C_LANGUAGE_STANDARD = gnu99;
				GCC_NO_COMMON_BLOCKS = YES;
				GCC_WARN_64_TO_32_BIT_CONVERSION = YES;
				GCC_WARN_ABOUT_RETURN_TYPE = YES_ERROR;
				GCC_WARN_UNDECLARED_SELECTOR = YES;
				GCC_WARN_UNINITIALIZED_AUTOS = YES_AGGRESSIVE;
				GCC_WARN_UNUSED_FUNCTION = YES;
				GCC_WARN_UNUSED_VARIABLE = YES;
				MACOSX_DEPLOYMENT_TARGET = 10.11;
				MTL_ENABLE_DEBUG_INFO = NO;
				SDKROOT = macosx;
			};
			name = Release;
		};
		EEFEB0861C7AFB8E0096FA6A /* Debug */ = {
			isa = XCBuildConfiguration;
			buildSettings = {
				PRODUCT_NAME = "$(TARGET_NAME)";
			};
			name = Debug;
		};
		EEFEB0871C7AFB8E0096FA6A /* Release */ = {
			isa = XCBuildConfiguration;
			buildSettings = {
				PRODUCT_NAME = "$(TARGET_NAME)";
			};
			name = Release;
		};
/* End XCBuildConfiguration section */

/* Begin XCConfigurationList section */
		EEFEB0791C7AFB8E0096FA6A /* Build configuration list for PBXProject "2_22_16_17" */ = {
			isa = XCConfigurationList;
			buildConfigurations = (
				EEFEB0831C7AFB8E0096FA6A /* Debug */,
				EEFEB0841C7AFB8E0096FA6A /* Release */,
			);
			defaultConfigurationIsVisible = 0;
			defaultConfigurationName = Release;
		};
		EEFEB0851C7AFB8E0096FA6A /* Build configuration list for PBXNativeTarget "2_22_16_17" */ = {
			isa = XCConfigurationList;
			buildConfigurations = (
				EEFEB0861C7AFB8E0096FA6A /* Debug */,
				EEFEB0871C7AFB8E0096FA6A /* Release */,
			);
			defaultConfigurationIsVisible = 0;
			defaultConfigurationName = Release;
		};
/* End XCConfigurationList section */
	};
	rootObject = EEFEB0761C7AFB8E0096FA6A /* Project object */;
}
